{
    "_readme": [
        "This file locks the dependencies of your project to a known state",
        "Read more about it at https://getcomposer.org/doc/01-basic-usage.md#installing-dependencies",
        "This file is @generated automatically"
    ],
    "content-hash": "8a06c864e64142806b661ef3e547d9cd",
    "packages": [
        {
            "name": "hackzilla/password-generator",
            "version": "1.6.0",
            "source": {
                "type": "git",
                "url": "https://github.com/hackzilla/password-generator.git",
                "reference": "53c13507b5b9875a07618f1f2a7db95e5b8c0638"
            },
            "dist": {
                "type": "zip",
                "url": "https://api.github.com/repos/hackzilla/password-generator/zipball/53c13507b5b9875a07618f1f2a7db95e5b8c0638",
                "reference": "53c13507b5b9875a07618f1f2a7db95e5b8c0638",
                "shasum": ""
            },
            "require": {
                "php": ">=7.1.0"
            },
            "require-dev": {
                "phpunit/phpunit": "^9.0"
            },
            "type": "library",
            "autoload": {
                "psr-4": {
                    "Hackzilla\\PasswordGenerator\\": ""
                }
            },
            "notification-url": "https://packagist.org/downloads/",
            "license": [
                "MIT"
            ],
            "authors": [
                {
                    "name": "Daniel Platt",
                    "email": "github@ofdan.co.uk",
                    "homepage": "https://www.hackzilla.org"
                }
            ],
            "description": "Password Generator Library",
            "support": {
                "issues": "https://github.com/hackzilla/password-generator/issues",
                "source": "https://github.com/hackzilla/password-generator/tree/1.6.0"
            },
            "time": "2021-01-13T23:18:24+00:00"
        }
    ],
    "packages-dev": [],
    "aliases": [],
    "minimum-stability": "stable",
    "stability-flags": [],
    "prefer-stable": false,
    "prefer-lowest": false,
    "platform": [],
    "platform-dev": [],
    "plugin-api-version": "2.3.0"
}
